
Microsoft Visual Studio Solution File, Format Version 12.00
# Visual Studio Version 16
VisualStudioVersion = 16.0.30717.126
MinimumVisualStudioVersion = 10.0.40219.1
Project("{FAE04EC0-301F-11D3-BF4B-00C04F79EFBC}") = "Generic", "Generic\Generic.csproj", "{9CBF0188-A6C8-4C68-A005-09CD50D8E498}"
EndProject
Global
	GlobalSection(SolutionConfigurationPlatforms) = preSolution
		Debug|Any CPU = Debug|Any CPU
		Release|Any CPU = Release|Any CPU
	EndGlobalSection
	GlobalSection(ProjectConfigurationPlatforms) = postSolution
		{9CBF0188-A6C8-4C68-A005-09CD50D8E498}.Debug|Any CPU.ActiveCfg = Debug|Any CPU
		{9CBF0188-A6C8-4C68-A005-09CD50D8E498}.Debug|Any CPU.Build.0 = Debug|Any CPU
		{9CBF0188-A6C8-4C68-A005-09CD50D8E498}.Release|Any CPU.ActiveCfg = Release|Any CPU
		{9CBF0188-A6C8-4C68-A005-09CD50D8E498}.Release|Any CPU.Build.0 = Release|Any CPU
	EndGlobalSection
	GlobalSection(SolutionProperties) = preSolution
		HideSolutionNode = FALSE
	EndGlobalSection
	GlobalSection(ExtensibilityGlobals) = postSolution
		SolutionGuid = {2902465C-5248-43CC-A7DD-82A883F62E8A}
	EndGlobalSection
EndGlobal
